<?xml version="1.0" encoding="utf-8"?>
<Project ToolsVersion="4.0" xmlns="http://schemas.microsoft.com/developer/msbuild/2003">
  <ItemGroup>
    <Filter Include="Source Files">
      <UniqueIdentifier>{06b73f10-6184-4d35-a1c6-5d502bdae603}</UniqueIdentifier>
      <Extensions>txt</Extensions>
    </Filter>
    <Filter Include="Source Files\primal">
      <UniqueIdentifier>{1bd9f171-c663-4f45-836f-b2b43929e839}</UniqueIdentifier>
    </Filter>
    <Filter Include="Source Files\dual">
      <UniqueIdentifier>{3e09eb72-3a34-46c5-a074-c748b06bf439}</UniqueIdentifier>
    </Filter>
  </ItemGroup>
  <ItemGroup>
    <ClCompile Include="functions.cpp">
      <Filter>Source Files</Filter>
    </ClCompile>
    <ClCompile Include="tools.cpp">
      <Filter>Source Files</Filter>
    </ClCompile>
    <ClCompile Include="linearInterpolation.cpp">
      <Filter>Source Files</Filter>
    </ClCompile>
    <ClCompile Include="cubicInterpolation.cpp">
      <Filter>Source Files</Filter>
    </ClCompile>
  </ItemGroup>
  <ItemGroup>
    <ClInclude Include="tools.h">
      <Filter>Source Files</Filter>
    </ClInclude>
    <ClInclude Include="linearInterpolation.h">
      <Filter>Source Files</Filter>
    </ClInclude>
    <ClInclude Include="cubicInterpolation.h">
      <Filter>Source Files</Filter>
    </ClInclude>
    <ClInclude Include="functionalPart.h">
      <Filter>Source Files</Filter>
    </ClInclude>
    <ClInclude Include="flexMatrix.h">
      <Filter>Source Files</Filter>
    </ClInclude>
    <ClInclude Include="flexVector.h">
      <Filter>Source Files</Filter>
    </ClInclude>
    <ClInclude Include="flexBox.h">
      <Filter>Source Files</Filter>
    </ClInclude>
    <ClInclude Include="flexTermPrimal.h">
      <Filter>Source Files\primal</Filter>
    </ClInclude>
    <ClInclude Include="flexTermDual.h">
      <Filter>Source Files\dual</Filter>
    </ClInclude>
    <ClInclude Include="flexL2dataTerm.h">
      <Filter>Source Files\primal</Filter>
    </ClInclude>
    <ClInclude Include="flexTildeMultiOperatorMultiDual.h">
      <Filter>Source Files\dual</Filter>
    </ClInclude>
    <ClInclude Include="resource.h" />
    <ClInclude Include="flexL1dataTerm.h">
      <Filter>Source Files\primal</Filter>
    </ClInclude>
    <ClInclude Include="flexL1dualizedOperatorIso.h">
      <Filter>Source Files\dual</Filter>
    </ClInclude>
    <ClInclude Include="flexL1dualizedOperatorAniso.h">
      <Filter>Source Files\dual</Filter>
    </ClInclude>
    <ClInclude Include="flexL2dualizedOperator.h">
      <Filter>Source Files\dual</Filter>
    </ClInclude>
    <ClInclude Include="flexEmptyDataTerm.h">
      <Filter>Source Files\primal</Filter>
    </ClInclude>
    <ClInclude Include="flexDualizedDataTerm.h">
      <Filter>Source Files\dual</Filter>
    </ClInclude>
    <ClInclude Include="flexL1DualizedDataTerm.h">
      <Filter>Source Files\dual</Filter>
    </ClInclude>
  </ItemGroup>
  <ItemGroup>
    <None Include="project.def" />
  </ItemGroup>
  <ItemGroup>
    <ResourceCompile Include="flexboxCPP.rc" />
  </ItemGroup>
</Project>